
Microsoft Visual Studio Solution File, Format Version 12.00
# Visual Studio 14
VisualStudioVersion = 14.0.23107.0
MinimumVisualStudioVersion = 10.0.40219.1
Project("{E24C65DC-7377-472B-9ABA-BC803B73C61A}") = "InventorySystem", "http://localhost/InventorySystem", "{6FA5B2BE-DBF3-41AF-BA1D-54B213E8EDBD}"
	ProjectSection(WebsiteProperties) = preProject
		UseIISExpress = "false"
		TargetFrameworkMoniker = ".NETFramework,Version%3Dv4.0"
		Debug.AspNetCompiler.VirtualPath = "/InventorySystem"
		Debug.AspNetCompiler.PhysicalPath = "..\InventorySystem\"
		Debug.AspNetCompiler.TargetPath = "PrecompiledWeb\InventorySystem\"
		Debug.AspNetCompiler.Updateable = "true"
		Debug.AspNetCompiler.ForceOverwrite = "true"
		Debug.AspNetCompiler.FixedNames = "false"
		Debug.AspNetCompiler.Debug = "True"
		Release.AspNetCompiler.VirtualPath = "/InventorySystem"
		Release.AspNetCompiler.PhysicalPath = "..\InventorySystem\"
		Release.AspNetCompiler.TargetPath = "PrecompiledWeb\InventorySystem\"
		Release.AspNetCompiler.Updateable = "true"
		Release.AspNetCompiler.ForceOverwrite = "true"
		Release.AspNetCompiler.FixedNames = "false"
		Release.AspNetCompiler.Debug = "False"
		SlnRelativePath = "..\InventorySystem\"
	EndProjectSection
EndProject
Global
	GlobalSection(SolutionConfigurationPlatforms) = preSolution
		Debug|Any CPU = Debug|Any CPU
	EndGlobalSection
	GlobalSection(ProjectConfigurationPlatforms) = postSolution
		{6FA5B2BE-DBF3-41AF-BA1D-54B213E8EDBD}.Debug|Any CPU.ActiveCfg = Debug|Any CPU
		{6FA5B2BE-DBF3-41AF-BA1D-54B213E8EDBD}.Debug|Any CPU.Build.0 = Debug|Any CPU
	EndGlobalSection
	GlobalSection(SolutionProperties) = preSolution
		HideSolutionNode = FALSE
	EndGlobalSection
EndGlobal
